<?xml version="1.0" encoding="UTF-8" standalone="yes" ?>
<CodeBlocks_project_file>
	<FileVersion major="1" minor="6" />
	<Project>
		<Option title="BreakOut" />
		<Option pch_mode="2" />
		<Option compiler="gcc" />
		<Build>
			<Target title="Debug">
				<Option output="bin/Debug/BreakOut" prefix_auto="1" extension_auto="1" />
				<Option object_output="obj/Debug/" />
				<Option type="1" />
				<Option compiler="gcc" />
				<Compiler>
					<Add option="-g" />
				</Compiler>
			</Target>
			<Target title="Release">
				<Option output="bin/Release/BreakOut" prefix_auto="1" extension_auto="1" />
				<Option object_output="obj/Release/" />
				<Option type="1" />
				<Option compiler="gcc" />
				<Compiler>
					<Add option="-O2" />
				</Compiler>
				<Linker>
					<Add option="-s" />
				</Linker>
			</Target>
		</Build>
		<Compiler>
			<Add option="-pedantic" />
			<Add option="-std=c++11" />
			<Add option="-Wdeprecated" />
			<Add option="-Wall" />
		</Compiler>
		<Linker>
			<Add library="opengl32" />
			<Add library="glu32" />
			<Add library="freeglut" />
		</Linker>
		<Unit filename="ball.cpp" />
		<Unit filename="ball.h" />
		<Unit filename="ballview.cpp" />
		<Unit filename="ballview.h" />
		<Unit filename="brick.cpp" />
		<Unit filename="brick.h" />
		<Unit filename="brickview.cpp" />
		<Unit filename="brickview.h" />
		<Unit filename="game.cpp" />
		<Unit filename="game.h" />
		<Unit filename="graphics.cpp" />
		<Unit filename="graphics.h" />
		<Unit filename="icollidable.h" />
		<Unit filename="idrawable.h" />
		<Unit filename="isteppable.h" />
		<Unit filename="main.cpp" />
		<Unit filename="pad.cpp" />
		<Unit filename="pad.h" />
		<Unit filename="padview.cpp" />
		<Unit filename="padview.h" />
		<Unit filename="vector.cpp" />
		<Unit filename="vector.h" />
		<Unit filename="view.cpp" />
		<Unit filename="view.h" />
		<Unit filename="wall.cpp" />
		<Unit filename="wall.h" />
		<Extensions>
			<code_completion />
			<envvars />
			<debugger />
			<lib_finder disable_auto="1" />
		</Extensions>
	</Project>
</CodeBlocks_project_file>
